// !$*UTF8*$!
{
	archiveVersion = 1;
	classes = {
	};
	objectVersion = 46;
	objects = {

/* Begin PBXBuildFile section */
		53F54DB21EE2203C0051DCC8 /* AppDelegate.swift in Sources */ = {isa = PBXBuildFile; fileRef = 53F54DB11EE2203C0051DCC8 /* AppDelegate.swift */; };
		53F54DB41EE2203C0051DCC8 /* ViewController.swift in Sources */ = {isa = PBXBuildFile; fileRef = 53F54DB31EE2203C0051DCC8 /* ViewController.swift */; };
		53F54DB71EE2203C0051DCC8 /* Main.storyboard in Resources */ = {isa = PBXBuildFile; fileRef = 53F54DB51EE2203C0051DCC8 /* Main.storyboard */; };
		53F54DB91EE2203C0051DCC8 /* Assets.xcassets in Resources */ = {isa = PBXBuildFile; fileRef = 53F54DB81EE2203C0051DCC8 /* Assets.xcassets */; };
		53F54DBC1EE2203C0051DCC8 /* LaunchScreen.storyboard in Resources */ = {isa = PBXBuildFile; fileRef = 53F54DBA1EE2203C0051DCC8 /* LaunchScreen.storyboard */; };
		53F54DC71EE2203C0051DCC8 /* SaveTheKittensTests.swift in Sources */ = {isa = PBXBuildFile; fileRef = 53F54DC61EE2203C0051DCC8 /* SaveTheKittensTests.swift */; };
		53F54DD21EE2203C0051DCC8 /* SaveTheKittensUITests.swift in Sources */ = {isa = PBXBuildFile; fileRef = 53F54DD11EE2203C0051DCC8 /* SaveTheKittensUITests.swift */; };
/* End PBXBuildFile section */

/* Begin PBXContainerItemProxy section */
		53F54DC31EE2203C0051DCC8 /* PBXContainerItemProxy */ = {
			isa = PBXContainerItemProxy;
			containerPortal = 53F54DA61EE2203B0051DCC8 /* Project object */;
			proxyType = 1;
			remoteGlobalIDString = 53F54DAD1EE2203C0051DCC8;
			remoteInfo = SaveTheKittens;
		};
		53F54DCE1EE2203C0051DCC8 /* PBXContainerItemProxy */ = {
			isa = PBXContainerItemProxy;
			containerPortal = 53F54DA61EE2203B0051DCC8 /* Project object */;
			proxyType = 1;
			remoteGlobalIDString = 53F54DAD1EE2203C0051DCC8;
			remoteInfo = SaveTheKittens;
		};
/* End PBXContainerItemProxy section */

/* Begin PBXFileReference section */
		53F54DAE1EE2203C0051DCC8 /* SaveTheKittens.app */ = {isa = PBXFileReference; explicitFileType = wrapper.application; includeInIndex = 0; path = SaveTheKittens.app; sourceTree = BUILT_PRODUCTS_DIR; };
		53F54DB11EE2203C0051DCC8 /* AppDelegate.swift */ = {isa = PBXFileReference; lastKnownFileType = sourcecode.swift; path = AppDelegate.swift; sourceTree = "<group>"; };
		53F54DB31EE2203C0051DCC8 /* ViewController.swift */ = {isa = PBXFileReference; lastKnownFileType = sourcecode.swift; path = ViewController.swift; sourceTree = "<group>"; };
		53F54DB61EE2203C0051DCC8 /* Base */ = {isa = PBXFileReference; lastKnownFileType = file.storyboard; name = Base; path = Base.lproj/Main.storyboard; sourceTree = "<group>"; };
		53F54DB81EE2203C0051DCC8 /* Assets.xcassets */ = {isa = PBXFileReference; lastKnownFileType = folder.assetcatalog; path = Assets.xcassets; sourceTree = "<group>"; };
		53F54DBB1EE2203C0051DCC8 /* Base */ = {isa = PBXFileReference; lastKnownFileType = file.storyboard; name = Base; path = Base.lproj/LaunchScreen.storyboard; sourceTree = "<group>"; };
		53F54DBD1EE2203C0051DCC8 /* Info.plist */ = {isa = PBXFileReference; lastKnownFileType = text.plist.xml; path = Info.plist; sourceTree = "<group>"; };
		53F54DC21EE2203C0051DCC8 /* SaveTheKittensTests.xctest */ = {isa = PBXFileReference; explicitFileType = wrapper.cfbundle; includeInIndex = 0; path = SaveTheKittensTests.xctest; sourceTree = BUILT_PRODUCTS_DIR; };
		53F54DC61EE2203C0051DCC8 /* SaveTheKittensTests.swift */ = {isa = PBXFileReference; lastKnownFileType = sourcecode.swift; path = SaveTheKittensTests.swift; sourceTree = "<group>"; };
		53F54DC81EE2203C0051DCC8 /* Info.plist */ = {isa = PBXFileReference; lastKnownFileType = text.plist.xml; path = Info.plist; sourceTree = "<group>"; };
		53F54DCD1EE2203C0051DCC8 /* SaveTheKittensUITests.xctest */ = {isa = PBXFileReference; explicitFileType = wrapper.cfbundle; includeInIndex = 0; path = SaveTheKittensUITests.xctest; sourceTree = BUILT_PRODUCTS_DIR; };
		53F54DD11EE2203C0051DCC8 /* SaveTheKittensUITests.swift */ = {isa = PBXFileReference; lastKnownFileType = sourcecode.swift; path = SaveTheKittensUITests.swift; sourceTree = "<group>"; };
		53F54DD31EE2203C0051DCC8 /* Info.plist */ = {isa = PBXFileReference; lastKnownFileType = text.plist.xml; path = Info.plist; sourceTree = "<group>"; };
/* End PBXFileReference section */

/* Begin PBXFrameworksBuildPhase section */
		53F54DAB1EE2203C0051DCC8 /* Frameworks */ = {
			isa = PBXFrameworksBuildPhase;
			buildActionMask = 2147483647;
			files = (
			);
			runOnlyForDeploymentPostprocessing = 0;
		};
		53F54DBF1EE2203C0051DCC8 /* Frameworks */ = {
			isa = PBXFrameworksBuildPhase;
			buildActionMask = 2147483647;
			files = (
			);
			runOnlyForDeploymentPostprocessing = 0;
		};
		53F54DCA1EE2203C0051DCC8 /* Frameworks */ = {
			isa = PBXFrameworksBuildPhase;
			buildActionMask = 2147483647;
			files = (
			);
			runOnlyForDeploymentPostprocessing = 0;
		};
/* End PBXFrameworksBuildPhase section */

/* Begin PBXGroup section */
		53F54DA51EE2203B0051DCC8 = {
			isa = PBXGroup;
			children = (
				53F54DB01EE2203C0051DCC8 /* SaveTheKittens */,
				53F54DC51EE2203C0051DCC8 /* SaveTheKittensTests */,
				53F54DD01EE2203C0051DCC8 /* SaveTheKittensUITests */,
				53F54DAF1EE2203C0051DCC8 /* Products */,
			);
			sourceTree = "<group>";
		};
		53F54DAF1EE2203C0051DCC8 /* Products */ = {
			isa = PBXGroup;
			children = (
				53F54DAE1EE2203C0051DCC8 /* SaveTheKittens.app */,
				53F54DC21EE2203C0051DCC8 /* SaveTheKittensTests.xctest */,
				53F54DCD1EE2203C0051DCC8 /* SaveTheKittensUITests.xctest */,
			);
			name = Products;
			sourceTree = "<group>";
		};
		53F54DB01EE2203C0051DCC8 /* SaveTheKittens */ = {
			isa = PBXGroup;
			children = (
				53F54DB11EE2203C0051DCC8 /* AppDelegate.swift */,
				53F54DB31EE2203C0051DCC8 /* ViewController.swift */,
				53F54DB51EE2203C0051DCC8 /* Main.storyboard */,
				53F54DB81EE2203C0051DCC8 /* Assets.xcassets */,
				53F54DBA1EE2203C0051DCC8 /* LaunchScreen.storyboard */,
				53F54DBD1EE2203C0051DCC8 /* Info.plist */,
			);
			path = SaveTheKittens;
			sourceTree = "<group>";
		};
		53F54DC51EE2203C0051DCC8 /* SaveTheKittensTests */ = {
			isa = PBXGroup;
			children = (
				53F54DC61EE2203C0051DCC8 /* SaveTheKittensTests.swift */,
				53F54DC81EE2203C0051DCC8 /* Info.plist */,
			);
			path = SaveTheKittensTests;
			sourceTree = "<group>";
		};
		53F54DD01EE2203C0051DCC8 /* SaveTheKittensUITests */ = {
			isa = PBXGroup;
			children = (
				53F54DD11EE2203C0051DCC8 /* SaveTheKittensUITests.swift */,
				53F54DD31EE2203C0051DCC8 /* Info.plist */,
			);
			path = SaveTheKittensUITests;
			sourceTree = "<group>";
		};
/* End PBXGroup section */

/* Begin PBXNativeTarget section */
		53F54DAD1EE2203C0051DCC8 /* SaveTheKittens */ = {
			isa = PBXNativeTarget;
			buildConfigurationList = 53F54DD61EE2203C0051DCC8 /* Build configuration list for PBXNativeTarget "SaveTheKittens" */;
			buildPhases = (
				53F54DAA1EE2203C0051DCC8 /* Sources */,
				53F54DAB1EE2203C0051DCC8 /* Frameworks */,
				53F54DAC1EE2203C0051DCC8 /* Resources */,
			);
			buildRules = (
			);
			dependencies = (
			);
			name = SaveTheKittens;
			productName = SaveTheKittens;
			productReference = 53F54DAE1EE2203C0051DCC8 /* SaveTheKittens.app */;
			productType = "com.apple.product-type.application";
		};
		53F54DC11EE2203C0051DCC8 /* SaveTheKittensTests */ = {
			isa = PBXNativeTarget;
			buildConfigurationList = 53F54DD91EE2203C0051DCC8 /* Build configuration list for PBXNativeTarget "SaveTheKittensTests" */;
			buildPhases = (
				53F54DBE1EE2203C0051DCC8 /* Sources */,
				53F54DBF1EE2203C0051DCC8 /* Frameworks */,
				53F54DC01EE2203C0051DCC8 /* Resources */,
			);
			buildRules = (
			);
			dependencies = (
				53F54DC41EE2203C0051DCC8 /* PBXTargetDependency */,
			);
			name = SaveTheKittensTests;
			productName = SaveTheKittensTests;
			productReference = 53F54DC21EE2203C0051DCC8 /* SaveTheKittensTests.xctest */;
			productType = "com.apple.product-type.bundle.unit-test";
		};
		53F54DCC1EE2203C0051DCC8 /* SaveTheKittensUITests */ = {
			isa = PBXNativeTarget;
			buildConfigurationList = 53F54DDC1EE2203C0051DCC8 /* Build configuration list for PBXNativeTarget "SaveTheKittensUITests" */;
			buildPhases = (
				53F54DC91EE2203C0051DCC8 /* Sources */,
				53F54DCA1EE2203C0051DCC8 /* Frameworks */,
				53F54DCB1EE2203C0051DCC8 /* Resources */,
			);
			buildRules = (
			);
			dependencies = (
				53F54DCF1EE2203C0051DCC8 /* PBXTargetDependency */,
			);
			name = SaveTheKittensUITests;
			productName = SaveTheKittensUITests;
			productReference = 53F54DCD1EE2203C0051DCC8 /* SaveTheKittensUITests.xctest */;
			productType = "com.apple.product-type.bundle.ui-testing";
		};
/* End PBXNativeTarget section */

/* Begin PBXProject section */
		53F54DA61EE2203B0051DCC8 /* Project object */ = {
			isa = PBXProject;
			attributes = {
				LastSwiftUpdateCheck = 0830;
				LastUpgradeCheck = 0830;
				ORGANIZATIONNAME = "Jose Arredondo";
				TargetAttributes = {
					53F54DAD1EE2203C0051DCC8 = {
						CreatedOnToolsVersion = 8.3.2;
						ProvisioningStyle = Automatic;
					};
					53F54DC11EE2203C0051DCC8 = {
						CreatedOnToolsVersion = 8.3.2;
						ProvisioningStyle = Automatic;
						TestTargetID = 53F54DAD1EE2203C0051DCC8;
					};
					53F54DCC1EE2203C0051DCC8 = {
						CreatedOnToolsVersion = 8.3.2;
						ProvisioningStyle = Automatic;
						TestTargetID = 53F54DAD1EE2203C0051DCC8;
					};
				};
			};
			buildConfigurationList = 53F54DA91EE2203B0051DCC8 /* Build configuration list for PBXProject "SaveTheKittens" */;
			compatibilityVersion = "Xcode 3.2";
			developmentRegion = English;
			hasScannedForEncodings = 0;
			knownRegions = (
				en,
				Base,
			);
			mainGroup = 53F54DA51EE2203B0051DCC8;
			productRefGroup = 53F54DAF1EE2203C0051DCC8 /* Products */;
			projectDirPath = "";
			projectRoot = "";
			targets = (
				53F54DAD1EE2203C0051DCC8 /* SaveTheKittens */,
				53F54DC11EE2203C0051DCC8 /* SaveTheKittensTests */,
				53F54DCC1EE2203C0051DCC8 /* SaveTheKittensUITests */,
			);
		};
/* End PBXProject section */

/* Begin PBXResourcesBuildPhase section */
		53F54DAC1EE2203C0051DCC8 /* Resources */ = {
			isa = PBXResourcesBuildPhase;
			buildActionMask = 2147483647;
			files = (
				53F54DBC1EE2203C0051DCC8 /* LaunchScreen.storyboard in Resources */,
				53F54DB91EE2203C0051DCC8 /* Assets.xcassets in Resources */,
				53F54DB71EE2203C0051DCC8 /* Main.storyboard in Resources */,
			);
			runOnlyForDeploymentPostprocessing = 0;
		};
		53F54DC01EE2203C0051DCC8 /* Resources */ = {
			isa = PBXResourcesBuildPhase;
			buildActionMask = 2147483647;
			files = (
			);
			runOnlyForDeploymentPostprocessing = 0;
		};
		53F54DCB1EE2203C0051DCC8 /* Resources */ = {
			isa = PBXResourcesBuildPhase;
			buildActionMask = 2147483647;
			files = (
			);
			runOnlyForDeploymentPostprocessing = 0;
		};
/* End PBXResourcesBuildPhase section */

/* Begin PBXSourcesBuildPhase section */
		53F54DAA1EE2203C0051DCC8 /* Sources */ = {
			isa = PBXSourcesBuildPhase;
			buildActionMask = 2147483647;
			files = (
				53F54DB41EE2203C0051DCC8 /* ViewController.swift in Sources */,
				53F54DB21EE2203C0051DCC8 /* AppDelegate.swift in Sources */,
			);
			runOnlyForDeploymentPostprocessing = 0;
		};
		53F54DBE1EE2203C0051DCC8 /* Sources */ = {
			isa = PBXSourcesBuildPhase;
			buildActionMask = 2147483647;
			files = (
				53F54DC71EE2203C0051DCC8 /* SaveTheKittensTests.swift in Sources */,
			);
			runOnlyForDeploymentPostprocessing = 0;
		};
		53F54DC91EE2203C0051DCC8 /* Sources */ = {
			isa = PBXSourcesBuildPhase;
			buildActionMask = 2147483647;
			files = (
				53F54DD21EE2203C0051DCC8 /* SaveTheKittensUITests.swift in Sources */,
			);
			runOnlyForDeploymentPostprocessing = 0;
		};
/* End PBXSourcesBuildPhase section */

/* Begin PBXTargetDependency section */
		53F54DC41EE2203C0051DCC8 /* PBXTargetDependency */ = {
			isa = PBXTargetDependency;
			target = 53F54DAD1EE2203C0051DCC8 /* SaveTheKittens */;
			targetProxy = 53F54DC31EE2203C0051DCC8 /* PBXContainerItemProxy */;
		};
		53F54DCF1EE2203C0051DCC8 /* PBXTargetDependency */ = {
			isa = PBXTargetDependency;
			target = 53F54DAD1EE2203C0051DCC8 /* SaveTheKittens */;
			targetProxy = 53F54DCE1EE2203C0051DCC8 /* PBXContainerItemProxy */;
		};
/* End PBXTargetDependency section */

/* Begin PBXVariantGroup section */
		53F54DB51EE2203C0051DCC8 /* Main.storyboard */ = {
			isa = PBXVariantGroup;
			children = (
				53F54DB61EE2203C0051DCC8 /* Base */,
			);
			name = Main.storyboard;
			sourceTree = "<group>";
		};
		53F54DBA1EE2203C0051DCC8 /* LaunchScreen.storyboard */ = {
			isa = PBXVariantGroup;
			children = (
				53F54DBB1EE2203C0051DCC8 /* Base */,
			);
			name = LaunchScreen.storyboard;
			sourceTree = "<group>";
		};
/* End PBXVariantGroup section */

/* Begin XCBuildConfiguration section */
		53F54DD41EE2203C0051DCC8 /* Debug */ = {
			isa = XCBuildConfiguration;
			buildSettings = {
				ALWAYS_SEARCH_USER_PATHS = NO;
				CLANG_ANALYZER_NONNULL = YES;
				CLANG_ANALYZER_NUMBER_OBJECT_CONVERSION = YES_AGGRESSIVE;
				CLANG_CXX_LANGUAGE_STANDARD = "gnu++0x";
				CLANG_CXX_LIBRARY = "libc++";
				CLANG_ENABLE_MODULES = YES;
				CLANG_ENABLE_OBJC_ARC = YES;
				CLANG_WARN_BOOL_CONVERSION = YES;
				CLANG_WARN_CONSTANT_CONVERSION = YES;
				CLANG_WARN_DIRECT_OBJC_ISA_USAGE = YES_ERROR;
				CLANG_WARN_DOCUMENTATION_COMMENTS = YES;
				CLANG_WARN_EMPTY_BODY = YES;
				CLANG_WARN_ENUM_CONVERSION = YES;
				CLANG_WARN_INFINITE_RECURSION = YES;
				CLANG_WARN_INT_CONVERSION = YES;
				CLANG_WARN_OBJC_ROOT_CLASS = YES_ERROR;
				CLANG_WARN_SUSPICIOUS_MOVE = YES;
				CLANG_WARN_UNREACHABLE_CODE = YES;
				CLANG_WARN__DUPLICATE_METHOD_MATCH = YES;
				"CODE_SIGN_IDENTITY[sdk=iphoneos*]" = "iPhone Developer";
				COPY_PHASE_STRIP = NO;
				DEBUG_INFORMATION_FORMAT = dwarf;
				ENABLE_STRICT_OBJC_MSGSEND = YES;
				ENABLE_TESTABILITY = YES;
				GCC_C_LANGUAGE_STANDARD = gnu99;
				GCC_DYNAMIC_NO_PIC = NO;
				GCC_NO_COMMON_BLOCKS = YES;
				GCC_OPTIMIZATION_LEVEL = 0;
				GCC_PREPROCESSOR_DEFINITIONS = (
					"DEBUG=1",
					"$(inherited)",
				);
				GCC_WARN_64_TO_32_BIT_CONVERSION = YES;
				GCC_WARN_ABOUT_RETURN_TYPE = YES_ERROR;
				GCC_WARN_UNDECLARED_SELECTOR = YES;
				GCC_WARN_UNINITIALIZED_AUTOS = YES_AGGRESSIVE;
				GCC_WARN_UNUSED_FUNCTION = YES;
				GCC_WARN_UNUSED_VARIABLE = YES;
				IPHONEOS_DEPLOYMENT_TARGET = 10.3;
				MTL_ENABLE_DEBUG_INFO = YES;
				ONLY_ACTIVE_ARCH = YES;
				SDKROOT = iphoneos;
				SWIFT_ACTIVE_COMPILATION_CONDITIONS = DEBUG;
				SWIFT_OPTIMIZATION_LEVEL = "-Onone";
				TARGETED_DEVICE_FAMILY = "1,2";
			};
			name = Debug;
		};
		53F54DD51EE2203C0051DCC8 /* Release */ = {
			isa = XCBuildConfiguration;
			buildSettings = {
				ALWAYS_SEARCH_USER_PATHS = NO;
				CLANG_ANALYZER_NONNULL = YES;
				CLANG_ANALYZER_NUMBER_OBJECT_CONVERSION = YES_AGGRESSIVE;
				CLANG_CXX_LANGUAGE_STANDARD = "gnu++0x";
				CLANG_CXX_LIBRARY = "libc++";
				CLANG_ENABLE_MODULES = YES;
				CLANG_ENABLE_OBJC_ARC = YES;
				CLANG_WARN_BOOL_CONVERSION = YES;
				CLANG_WARN_CONSTANT_CONVERSION = YES;
				CLANG_WARN_DIRECT_OBJC_ISA_USAGE = YES_ERROR;
				CLANG_WARN_DOCUMENTATION_COMMENTS = YES;
				CLANG_WARN_EMPTY_BODY = YES;
				CLANG_WARN_ENUM_CONVERSION = YES;
				CLANG_WARN_INFINITE_RECURSION = YES;
				CLANG_WARN_INT_CONVERSION = YES;
				CLANG_WARN_OBJC_ROOT_CLASS = YES_ERROR;
				CLANG_WARN_SUSPICIOUS_MOVE = YES;
				CLANG_WARN_UNREACHABLE_CODE = YES;
				CLANG_WARN__DUPLICATE_METHOD_MATCH = YES;
				"CODE_SIGN_IDENTITY[sdk=iphoneos*]" = "iPhone Developer";
				COPY_PHASE_STRIP = NO;
				DEBUG_INFORMATION_FORMAT = "dwarf-with-dsym";
				ENABLE_NS_ASSERTIONS = NO;
				ENABLE_STRICT_OBJC_MSGSEND = YES;
				GCC_C_LANGUAGE_STANDARD = gnu99;
				GCC_NO_COMMON_BLOCKS = YES;
				GCC_WARN_64_TO_32_BIT_CONVERSION = YES;
				GCC_WARN_ABOUT_RETURN_TYPE = YES_ERROR;
				GCC_WARN_UNDECLARED_SELECTOR = YES;
				GCC_WARN_UNINITIALIZED_AUTOS = YES_AGGRESSIVE;
				GCC_WARN_UNUSED_FUNCTION = YES;
				GCC_WARN_UNUSED_VARIABLE = YES;
				IPHONEOS_DEPLOYMENT_TARGET = 10.3;
				MTL_ENABLE_DEBUG_INFO = NO;
				SDKROOT = iphoneos;
				SWIFT_OPTIMIZATION_LEVEL = "-Owholemodule";
				TARGETED_DEVICE_FAMILY = "1,2";
				VALIDATE_PRODUCT = YES;
			};
			name = Release;
		};
		53F54DD71EE2203C0051DCC8 /* Debug */ = {
			isa = XCBuildConfiguration;
			buildSettings = {
				ASSETCATALOG_COMPILER_APPICON_NAME = AppIcon;
				INFOPLIST_FILE = SaveTheKittens/Info.plist;
				LD_RUNPATH_SEARCH_PATHS = "$(inherited) @executable_path/Frameworks";
				PRODUCT_BUNDLE_IDENTIFIER = Jandro.SaveTheKittens;
				PRODUCT_NAME = "$(TARGET_NAME)";
				SWIFT_VERSION = 3.0;
			};
			name = Debug;
		};
		53F54DD81EE2203C0051DCC8 /* Release */ = {
			isa = XCBuildConfiguration;
			buildSettings = {
				ASSETCATALOG_COMPILER_APPICON_NAME = AppIcon;
				INFOPLIST_FILE = SaveTheKittens/Info.plist;
				LD_RUNPATH_SEARCH_PATHS = "$(inherited) @executable_path/Frameworks";
				PRODUCT_BUNDLE_IDENTIFIER = Jandro.SaveTheKittens;
				PRODUCT_NAME = "$(TARGET_NAME)";
				SWIFT_VERSION = 3.0;
			};
			name = Release;
		};
		53F54DDA1EE2203C0051DCC8 /* Debug */ = {
			isa = XCBuildConfiguration;
			buildSettings = {
				ALWAYS_EMBED_SWIFT_STANDARD_LIBRARIES = YES;
				BUNDLE_LOADER = "$(TEST_HOST)";
				INFOPLIST_FILE = SaveTheKittensTests/Info.plist;
				LD_RUNPATH_SEARCH_PATHS = "$(inherited) @executable_path/Frameworks @loader_path/Frameworks";
				PRODUCT_BUNDLE_IDENTIFIER = Jandro.SaveTheKittensTests;
				PRODUCT_NAME = "$(TARGET_NAME)";
				SWIFT_VERSION = 3.0;
				TEST_HOST = "$(BUILT_PRODUCTS_DIR)/SaveTheKittens.app/SaveTheKittens";
			};
			name = Debug;
		};
		53F54DDB1EE2203C0051DCC8 /* Release */ = {
			isa = XCBuildConfiguration;
			buildSettings = {
				ALWAYS_EMBED_SWIFT_STANDARD_LIBRARIES = YES;
				BUNDLE_LOADER = "$(TEST_HOST)";
				INFOPLIST_FILE = SaveTheKittensTests/Info.plist;
				LD_RUNPATH_SEARCH_PATHS = "$(inherited) @executable_path/Frameworks @loader_path/Frameworks";
				PRODUCT_BUNDLE_IDENTIFIER = Jandro.SaveTheKittensTests;
				PRODUCT_NAME = "$(TARGET_NAME)";
				SWIFT_VERSION = 3.0;
				TEST_HOST = "$(BUILT_PRODUCTS_DIR)/SaveTheKittens.app/SaveTheKittens";
			};
			name = Release;
		};
		53F54DDD1EE2203C0051DCC8 /* Debug */ = {
			isa = XCBuildConfiguration;
			buildSettings = {
				ALWAYS_EMBED_SWIFT_STANDARD_LIBRARIES = YES;
				INFOPLIST_FILE = SaveTheKittensUITests/Info.plist;
				LD_RUNPATH_SEARCH_PATHS = "$(inherited) @executable_path/Frameworks @loader_path/Frameworks";
				PRODUCT_BUNDLE_IDENTIFIER = Jandro.SaveTheKittensUITests;
				PRODUCT_NAME = "$(TARGET_NAME)";
				SWIFT_VERSION = 3.0;
				TEST_TARGET_NAME = SaveTheKittens;
			};
			name = Debug;
		};
		53F54DDE1EE2203C0051DCC8 /* Release */ = {
			isa = XCBuildConfiguration;
			buildSettings = {
				ALWAYS_EMBED_SWIFT_STANDARD_LIBRARIES = YES;
				INFOPLIST_FILE = SaveTheKittensUITests/Info.plist;
				LD_RUNPATH_SEARCH_PATHS = "$(inherited) @executable_path/Frameworks @loader_path/Frameworks";
				PRODUCT_BUNDLE_IDENTIFIER = Jandro.SaveTheKittensUITests;
				PRODUCT_NAME = "$(TARGET_NAME)";
				SWIFT_VERSION = 3.0;
				TEST_TARGET_NAME = SaveTheKittens;
			};
			name = Release;
		};
/* End XCBuildConfiguration section */

/* Begin XCConfigurationList section */
		53F54DA91EE2203B0051DCC8 /* Build configuration list for PBXProject "SaveTheKittens" */ = {
			isa = XCConfigurationList;
			buildConfigurations = (
				53F54DD41EE2203C0051DCC8 /* Debug */,
				53F54DD51EE2203C0051DCC8 /* Release */,
			);
			defaultConfigurationIsVisible = 0;
			defaultConfigurationName = Release;
		};
		53F54DD61EE2203C0051DCC8 /* Build configuration list for PBXNativeTarget "SaveTheKittens" */ = {
			isa = XCConfigurationList;
			buildConfigurations = (
				53F54DD71EE2203C0051DCC8 /* Debug */,
				53F54DD81EE2203C0051DCC8 /* Release */,
			);
			defaultConfigurationIsVisible = 0;
		};
		53F54DD91EE2203C0051DCC8 /* Build configuration list for PBXNativeTarget "SaveTheKittensTests" */ = {
			isa = XCConfigurationList;
			buildConfigurations = (
				53F54DDA1EE2203C0051DCC8 /* Debug */,
				53F54DDB1EE2203C0051DCC8 /* Release */,
			);
			defaultConfigurationIsVisible = 0;
		};
		53F54DDC1EE2203C0051DCC8 /* Build configuration list for PBXNativeTarget "SaveTheKittensUITests" */ = {
			isa = XCConfigurationList;
			buildConfigurations = (
				53F54DDD1EE2203C0051DCC8 /* Debug */,
				53F54DDE1EE2203C0051DCC8 /* Release */,
			);
			defaultConfigurationIsVisible = 0;
		};
/* End XCConfigurationList section */
	};
	rootObject = 53F54DA61EE2203B0051DCC8 /* Project object */;
}
